<?xml version="1.0" encoding="utf-8"?>
<Project ToolsVersion="4.0" xmlns="http://schemas.microsoft.com/developer/msbuild/2003">
  <ItemGroup>
    <Filter Include="Game">
      <UniqueIdentifier>{137e2210-25c7-4cd5-8e69-99e9678ac712}</UniqueIdentifier>
    </Filter>
    <Filter Include="Game\Entity">
      <UniqueIdentifier>{f8b58004-e563-4ed0-82a4-a42e85a74b4e}</UniqueIdentifier>
    </Filter>
    <Filter Include="Header-Source-Resource Files">
      <UniqueIdentifier>{287e0511-988c-439e-8ddd-59d73a1936bb}</UniqueIdentifier>
    </Filter>
    <Filter Include="Header-Source-Resource Files\Source Files">
      <UniqueIdentifier>{4FC737F1-C7A5-4376-A066-2A32D752A2FF}</UniqueIdentifier>
      <Extensions>cpp;c;cc;cxx;def;odl;idl;hpj;bat;asm;asmx</Extensions>
    </Filter>
    <Filter Include="Header-Source-Resource Files\Resource Files">
      <UniqueIdentifier>{67DA6AB6-F800-4c08-8B7A-83BB121AAD01}</UniqueIdentifier>
      <Extensions>rc;ico;cur;bmp;dlg;rc2;rct;bin;rgs;gif;jpg;jpeg;jpe;resx;tiff;tif;png;wav;mfcribbon-ms</Extensions>
    </Filter>
    <Filter Include="Header-Source-Resource Files\Header Files">
      <UniqueIdentifier>{93995380-89BD-4b04-88EB-625FBE52EBFB}</UniqueIdentifier>
      <Extensions>h;hh;hpp;hxx;hm;inl;inc;xsd</Extensions>
    </Filter>
    <Filter Include="Tools/Core">
      <UniqueIdentifier>{ea41067a-d8e6-40a5-8c64-ffbb964b59e1}</UniqueIdentifier>
    </Filter>
    <Filter Include="Tools/Core\InputHandler">
      <UniqueIdentifier>{9eca8493-093d-42e9-bb68-dfe6d7ef0c47}</UniqueIdentifier>
    </Filter>
    <Filter Include="Tools/Core\GSprite">
      <UniqueIdentifier>{5e45e8e8-d6f1-4cbc-97ea-54ae8c0b7dd4}</UniqueIdentifier>
    </Filter>
    <Filter Include="Game\Player">
      <UniqueIdentifier>{ea37253a-1073-45ef-97ac-98f5d56802e7}</UniqueIdentifier>
    </Filter>
    <Filter Include="Tools/Core\Camera">
      <UniqueIdentifier>{b61a5690-63c9-4284-860c-5a5d158bb3c8}</UniqueIdentifier>
    </Filter>
    <Filter Include="Game\CollisionEntity">
      <UniqueIdentifier>{64da0916-70ba-4e4a-8fc7-227c92451cfa}</UniqueIdentifier>
    </Filter>
    <Filter Include="Tools/Core\Math">
      <UniqueIdentifier>{fc46dce5-146c-47a8-b71c-9f736829e2b7}</UniqueIdentifier>
    </Filter>
    <Filter Include="Game\Solids">
      <UniqueIdentifier>{e6a89fa7-8361-4949-b283-9175e585a92a}</UniqueIdentifier>
    </Filter>
    <Filter Include="Game\Solids\Brick">
      <UniqueIdentifier>{950ddf83-bbb4-4095-aa47-38f70d2ad8f0}</UniqueIdentifier>
    </Filter>
    <Filter Include="Game\Player\Dust">
      <UniqueIdentifier>{a23424c3-aebe-4965-98b5-08e2ed6288be}</UniqueIdentifier>
    </Filter>
    <Filter Include="Game\Enemies">
      <UniqueIdentifier>{b401801b-d0c2-42ae-9e8a-7f59c9fed0cf}</UniqueIdentifier>
    </Filter>
    <Filter Include="Game\Enemies\Enemy">
      <UniqueIdentifier>{a766db9a-de1f-4368-a4ae-b1775b6ec87e}</UniqueIdentifier>
    </Filter>
    <Filter Include="Game\Enemies\TestEnemy">
      <UniqueIdentifier>{a1c91552-dc4d-464c-a7b9-3bf932e87285}</UniqueIdentifier>
    </Filter>
    <Filter Include="Game\Player\PlayerAttack">
      <UniqueIdentifier>{f14b891f-75cf-4dd4-9c19-4810381df25e}</UniqueIdentifier>
    </Filter>
    <Filter Include="Tools/Core\QuadTree">
      <UniqueIdentifier>{c1c148fc-b3ff-4796-880f-5d5e372bd594}</UniqueIdentifier>
    </Filter>
    <Filter Include="Tools/Core\QuadTree\QuadNode">
      <UniqueIdentifier>{b11c770c-94b4-4c9a-9f4f-fbb9f53a7116}</UniqueIdentifier>
    </Filter>
    <Filter Include="Tools/Core\AStar">
      <UniqueIdentifier>{ff886861-6f01-48f3-aeea-ee62b5ae951d}</UniqueIdentifier>
    </Filter>
    <Filter Include="Tools/Core\AStar\AStarNode">
      <UniqueIdentifier>{cb55537e-1304-477d-8006-b32e507c09c7}</UniqueIdentifier>
    </Filter>
    <Filter Include="Game\Enemies\ProjectileEnemy">
      <UniqueIdentifier>{91a87cc5-a10c-4eb2-8a7b-e218d4507668}</UniqueIdentifier>
    </Filter>
    <Filter Include="Game\Enemies\ProjectileEnemy\Projectile">
      <UniqueIdentifier>{68bfaa98-f11d-4156-a66d-92388890ce2b}</UniqueIdentifier>
    </Filter>
    <Filter Include="Game\Solids\Wall">
      <UniqueIdentifier>{207559f1-be3b-4408-bd07-cc9843f36c33}</UniqueIdentifier>
    </Filter>
    <Filter Include="Tools/Core\Alarm">
      <UniqueIdentifier>{1f5aaf4f-4072-4e37-a36e-f2b8d20eae0a}</UniqueIdentifier>
    </Filter>
    <Filter Include="Game\CollisionEntity\BoxTest">
      <UniqueIdentifier>{a9e62737-4b83-403a-b48c-56605323778e}</UniqueIdentifier>
    </Filter>
    <Filter Include="Game\Solids\GroundEdge">
      <UniqueIdentifier>{803e38e9-8aad-4499-83f9-46a2c68fa730}</UniqueIdentifier>
    </Filter>
    <Filter Include="Game\Solids\Appearance%28only for visuals%29">
      <UniqueIdentifier>{987c293e-552d-426f-99bf-26b7bc7807b6}</UniqueIdentifier>
    </Filter>
    <Filter Include="Game\Solids\Appearance%28only for visuals%29\Ground">
      <UniqueIdentifier>{5f27f90f-f6da-4f57-b242-ed0fd6d9d65a}</UniqueIdentifier>
    </Filter>
    <Filter Include="Game\Solids\Appearance%28only for visuals%29\GroundPillar">
      <UniqueIdentifier>{66919917-3a15-4113-a115-77ccc391ed61}</UniqueIdentifier>
    </Filter>
    <Filter Include="Game\Enemies\MageSpawner">
      <UniqueIdentifier>{ccc13fd1-a0c1-474d-8270-a5f4cc285f9e}</UniqueIdentifier>
    </Filter>
    <Filter Include="Game\World">
      <UniqueIdentifier>{b94ae476-1aeb-441a-9454-5847d30907e1}</UniqueIdentifier>
    </Filter>
    <Filter Include="Game\World\LevelSection">
      <UniqueIdentifier>{8ac70792-4315-46bf-971d-d7beef491488}</UniqueIdentifier>
    </Filter>
    <Filter Include="Game\Solids\Solid">
      <UniqueIdentifier>{b56fcbb2-f637-499e-9413-e43a3438b9d5}</UniqueIdentifier>
    </Filter>
    <Filter Include="Game\Enemies\LaserEnemy">
      <UniqueIdentifier>{45200228-36f9-4afc-a6b1-dac86fd38f3c}</UniqueIdentifier>
    </Filter>
    <Filter Include="Game\Enemies\LaserEnemy\LaserProjectile">
      <UniqueIdentifier>{bea9d90d-6a1a-4ae9-a1f9-cacca50621ad}</UniqueIdentifier>
    </Filter>
    <Filter Include="Game\DustParticle">
      <UniqueIdentifier>{ec6f6873-4e6e-4f81-9ec2-ae1bf5b075d2}</UniqueIdentifier>
    </Filter>
    <Filter Include="Game\Enemies\LaserEnemy\LineEffect">
      <UniqueIdentifier>{c1bf7d3e-d4f9-4789-8356-129b3f071669}</UniqueIdentifier>
    </Filter>
    <Filter Include="Game\Enemies\LaserEnemy\LaserEffect">
      <UniqueIdentifier>{d1f094ab-44be-42de-9238-a84dec464ffc}</UniqueIdentifier>
    </Filter>
    <Filter Include="Game\Tutorial">
      <UniqueIdentifier>{f35767e0-5627-41ee-837a-7ae74d488386}</UniqueIdentifier>
    </Filter>
  </ItemGroup>
  <ItemGroup>
    <ClInclude Include="stdafx.h">
      <Filter>Header-Source-Resource Files\Header Files</Filter>
    </ClInclude>
    <ClInclude Include="targetver.h">
      <Filter>Header-Source-Resource Files\Header Files</Filter>
    </ClInclude>
    <ClInclude Include="GrowingArray.h">
      <Filter>Tools/Core</Filter>
    </ClInclude>
    <ClInclude Include="Entity.h">
      <Filter>Game\Entity</Filter>
    </ClInclude>
    <ClInclude Include="InputHandler.h">
      <Filter>Tools/Core\InputHandler</Filter>
    </ClInclude>
    <ClInclude Include="GSprite.h">
      <Filter>Tools/Core\GSprite</Filter>
    </ClInclude>
    <ClInclude Include="Player.h">
      <Filter>Game\Player</Filter>
    </ClInclude>
    <ClInclude Include="Camera.h">
      <Filter>Tools/Core\Camera</Filter>
    </ClInclude>
    <ClInclude Include="CollisionEntity.h">
      <Filter>Game\CollisionEntity</Filter>
    </ClInclude>
    <ClInclude Include="Math.h">
      <Filter>Tools/Core\Math</Filter>
    </ClInclude>
    <ClInclude Include="QuadNode.h">
      <Filter>Tools/Core\QuadTree\QuadNode</Filter>
    </ClInclude>
    <ClInclude Include="Vector2.h">
      <Filter>Tools/Core</Filter>
    </ClInclude>
    <ClInclude Include="Rekt.h">
      <Filter>Tools/Core</Filter>
    </ClInclude>
    <ClInclude Include="Brick.h">
      <Filter>Game\Solids\Brick</Filter>
    </ClInclude>
    <ClInclude Include="World.h">
      <Filter>Game\World</Filter>
    </ClInclude>
    <ClInclude Include="Solid.h">
      <Filter>Game\Solids\Solid</Filter>
    </ClInclude>
    <ClInclude Include="Dust.h">
      <Filter>Game\Player\Dust</Filter>
    </ClInclude>
    <ClInclude Include="Enemy.h">
      <Filter>Game\Enemies\Enemy</Filter>
    </ClInclude>
    <ClInclude Include="TestEnemy.h">
      <Filter>Game\Enemies\TestEnemy</Filter>
    </ClInclude>
    <ClInclude Include="PlayerAttack.h">
      <Filter>Game\Player\PlayerAttack</Filter>
    </ClInclude>
    <ClInclude Include="QuadTree.h">
      <Filter>Tools/Core\QuadTree</Filter>
    </ClInclude>
    <ClInclude Include="AStar.h">
      <Filter>Tools/Core\AStar</Filter>
    </ClInclude>
    <ClInclude Include="AStarNode.h">
      <Filter>Tools/Core\AStar\AStarNode</Filter>
    </ClInclude>
    <ClInclude Include="ProjectileEnemy.h">
      <Filter>Game\Enemies\ProjectileEnemy</Filter>
    </ClInclude>
    <ClInclude Include="Projectile.h">
      <Filter>Game\Enemies\ProjectileEnemy\Projectile</Filter>
    </ClInclude>
    <ClInclude Include="Wall.h">
      <Filter>Game\Solids\Wall</Filter>
    </ClInclude>
    <ClInclude Include="Alarm.h">
      <Filter>Tools/Core\Alarm</Filter>
    </ClInclude>
    <ClInclude Include="BoxTest.h">
      <Filter>Game\CollisionEntity\BoxTest</Filter>
    </ClInclude>
    <ClInclude Include="Ground.h">
      <Filter>Game\Solids\Appearance%28only for visuals%29\Ground</Filter>
    </ClInclude>
    <ClInclude Include="GroundEdge.h">
      <Filter>Game\Solids\GroundEdge</Filter>
    </ClInclude>
    <ClInclude Include="GroundPillar.h">
      <Filter>Game\Solids\Appearance%28only for visuals%29\GroundPillar</Filter>
    </ClInclude>
    <ClInclude Include="LevelSection.h">
      <Filter>Game\World\LevelSection</Filter>
    </ClInclude>
    <ClInclude Include="MapSections.h">
      <Filter>Game\World</Filter>
    </ClInclude>
    <ClInclude Include="MageSpawner.h">
      <Filter>Game\Enemies\MageSpawner</Filter>
    </ClInclude>
    <ClInclude Include="LaserEnemy.h">
      <Filter>Game\Enemies\LaserEnemy</Filter>
    </ClInclude>
    <ClInclude Include="LaserProjectile.h">
      <Filter>Game\Enemies\LaserEnemy\LaserProjectile</Filter>
    </ClInclude>
    <ClInclude Include="DustParticle.h">
      <Filter>Game\DustParticle</Filter>
    </ClInclude>
    <ClInclude Include="LaserEffect.h">
      <Filter>Game\Enemies\LaserEnemy\LaserEffect</Filter>
    </ClInclude>
    <ClInclude Include="LineEffect.h">
      <Filter>Game\Enemies\LaserEnemy\LineEffect</Filter>
    </ClInclude>
    <ClInclude Include="Tutorial.h">
      <Filter>Game\Tutorial</Filter>
    </ClInclude>
  </ItemGroup>
  <ItemGroup>
    <ClCompile Include="stdafx.cpp">
      <Filter>Header-Source-Resource Files\Source Files</Filter>
    </ClCompile>
    <ClCompile Include="main.cpp" />
    <ClCompile Include="Entity.cpp">
      <Filter>Game\Entity</Filter>
    </ClCompile>
    <ClCompile Include="InputHandler.cpp">
      <Filter>Tools/Core\InputHandler</Filter>
    </ClCompile>
    <ClCompile Include="GSprite.cpp">
      <Filter>Tools/Core\GSprite</Filter>
    </ClCompile>
    <ClCompile Include="Player.cpp">
      <Filter>Game\Player</Filter>
    </ClCompile>
    <ClCompile Include="Camera.cpp">
      <Filter>Tools/Core\Camera</Filter>
    </ClCompile>
    <ClCompile Include="CollisionEntity.cpp">
      <Filter>Game\CollisionEntity</Filter>
    </ClCompile>
    <ClCompile Include="Math.cpp">
      <Filter>Tools/Core\Math</Filter>
    </ClCompile>
    <ClCompile Include="QuadNode.cpp">
      <Filter>Tools/Core\QuadTree\QuadNode</Filter>
    </ClCompile>
    <ClCompile Include="Brick.cpp">
      <Filter>Game\Solids\Brick</Filter>
    </ClCompile>
    <ClCompile Include="World.cpp">
      <Filter>Game\World</Filter>
    </ClCompile>
    <ClCompile Include="Solid.cpp">
      <Filter>Game\Solids\Solid</Filter>
    </ClCompile>
    <ClCompile Include="Dust.cpp">
      <Filter>Game\Player\Dust</Filter>
    </ClCompile>
    <ClCompile Include="Enemy.cpp">
      <Filter>Game\Enemies\Enemy</Filter>
    </ClCompile>
    <ClCompile Include="TestEnemy.cpp">
      <Filter>Game\Enemies\TestEnemy</Filter>
    </ClCompile>
    <ClCompile Include="PlayerAttack.cpp">
      <Filter>Game\Player\PlayerAttack</Filter>
    </ClCompile>
    <ClCompile Include="AStar.cpp">
      <Filter>Tools/Core\AStar</Filter>
    </ClCompile>
    <ClCompile Include="AStarNode.cpp">
      <Filter>Tools/Core\AStar\AStarNode</Filter>
    </ClCompile>
    <ClCompile Include="ProjectileEnemy.cpp">
      <Filter>Game\Enemies\ProjectileEnemy</Filter>
    </ClCompile>
    <ClCompile Include="Projectile.cpp">
      <Filter>Game\Enemies\ProjectileEnemy\Projectile</Filter>
    </ClCompile>
    <ClCompile Include="Wall.cpp">
      <Filter>Game\Solids\Wall</Filter>
    </ClCompile>
    <ClCompile Include="Alarm.cpp">
      <Filter>Tools/Core\Alarm</Filter>
    </ClCompile>
    <ClCompile Include="BoxTest.cpp">
      <Filter>Game\CollisionEntity\BoxTest</Filter>
    </ClCompile>
    <ClCompile Include="Ground.cpp">
      <Filter>Game\Solids\Appearance%28only for visuals%29\Ground</Filter>
    </ClCompile>
    <ClCompile Include="GroundEdge.cpp">
      <Filter>Game\Solids\GroundEdge</Filter>
    </ClCompile>
    <ClCompile Include="GroundPillar.cpp">
      <Filter>Game\Solids\Appearance%28only for visuals%29\GroundPillar</Filter>
    </ClCompile>
    <ClCompile Include="LevelSection.cpp">
      <Filter>Game\World\LevelSection</Filter>
    </ClCompile>
    <ClCompile Include="MageSpawner.cpp">
      <Filter>Game\Enemies\MageSpawner</Filter>
    </ClCompile>
    <ClCompile Include="LaserEnemy.cpp">
      <Filter>Game\Enemies\LaserEnemy</Filter>
    </ClCompile>
    <ClCompile Include="LaserProjectile.cpp">
      <Filter>Game\Enemies\LaserEnemy\LaserProjectile</Filter>
    </ClCompile>
    <ClCompile Include="DustParticle.cpp">
      <Filter>Game\DustParticle</Filter>
    </ClCompile>
    <ClCompile Include="LaserEffect.cpp">
      <Filter>Game\Enemies\LaserEnemy\LaserEffect</Filter>
    </ClCompile>
    <ClCompile Include="LineEffect.cpp">
      <Filter>Game\Enemies\LaserEnemy\LineEffect</Filter>
    </ClCompile>
    <ClCompile Include="Tutorial.cpp">
      <Filter>Game\Tutorial</Filter>
    </ClCompile>
  </ItemGroup>
</Project>