<?xml version="1.0" encoding="utf-8"?>
<Project ToolsVersion="4.0" xmlns="http://schemas.microsoft.com/developer/msbuild/2003">
  <ItemGroup>
    <Filter Include="Core">
      <UniqueIdentifier>{5d0aea76-088e-4b4d-adf0-227ec672f1c5}</UniqueIdentifier>
    </Filter>
    <Filter Include="Game">
      <UniqueIdentifier>{d145fc8b-4b8f-414b-87cc-d5a0dda27e3c}</UniqueIdentifier>
    </Filter>
  </ItemGroup>
  <ItemGroup>
    <ClInclude Include="World.h">
      <Filter>Game</Filter>
    </ClInclude>
    <ClInclude Include="Vector2f.h">
      <Filter>Core</Filter>
    </ClInclude>
    <ClInclude Include="Timer.h">
      <Filter>Core</Filter>
    </ClInclude>
    <ClInclude Include="Vector.h">
      <Filter>Core</Filter>
    </ClInclude>
    <ClInclude Include="ProjectileManager.h">
      <Filter>Game</Filter>
    </ClInclude>
    <ClInclude Include="Projectile.h">
      <Filter>Game</Filter>
    </ClInclude>
    <ClInclude Include="Avatar.h">
      <Filter>Game</Filter>
    </ClInclude>
    <ClInclude Include="Enemy.h">
      <Filter>Game</Filter>
    </ClInclude>
    <ClInclude Include="CollisionManager.h">
      <Filter>Core</Filter>
    </ClInclude>
    <ClInclude Include="Entity.h">
      <Filter>Core</Filter>
    </ClInclude>
    <ClInclude Include="EventHandler.h">
      <Filter>Core</Filter>
    </ClInclude>
    <ClInclude Include="Game.h">
      <Filter>Core</Filter>
    </ClInclude>
    <ClInclude Include="GameWindow.h">
      <Filter>Core</Filter>
    </ClInclude>
    <ClInclude Include="Image.h">
      <Filter>Core</Filter>
    </ClInclude>
    <ClInclude Include="InputManager.h">
      <Filter>Core</Filter>
    </ClInclude>
    <ClInclude Include="Renderer.h">
      <Filter>Core</Filter>
    </ClInclude>
    <ClInclude Include="Settings.h">
      <Filter>Game</Filter>
    </ClInclude>
  </ItemGroup>
  <ItemGroup>
    <ClCompile Include="World.cpp">
      <Filter>Game</Filter>
    </ClCompile>
    <ClCompile Include="Avatar.cpp">
      <Filter>Game</Filter>
    </ClCompile>
    <ClCompile Include="Enemy.cpp">
      <Filter>Game</Filter>
    </ClCompile>
    <ClCompile Include="Projectile.cpp">
      <Filter>Game</Filter>
    </ClCompile>
    <ClCompile Include="ProjectileManager.cpp">
      <Filter>Game</Filter>
    </ClCompile>
    <ClCompile Include="CollisionManager.cpp">
      <Filter>Core</Filter>
    </ClCompile>
    <ClCompile Include="Entity.cpp">
      <Filter>Core</Filter>
    </ClCompile>
    <ClCompile Include="EventHandler.cpp">
      <Filter>Core</Filter>
    </ClCompile>
    <ClCompile Include="Game.cpp">
      <Filter>Core</Filter>
    </ClCompile>
    <ClCompile Include="GameWindow.cpp">
      <Filter>Core</Filter>
    </ClCompile>
    <ClCompile Include="Image.cpp">
      <Filter>Core</Filter>
    </ClCompile>
    <ClCompile Include="InputManager.cpp">
      <Filter>Core</Filter>
    </ClCompile>
    <ClCompile Include="Renderer.cpp">
      <Filter>Core</Filter>
    </ClCompile>
    <ClCompile Include="Timer.cpp">
      <Filter>Core</Filter>
    </ClCompile>
    <ClCompile Include="main.cpp">
      <Filter>Game</Filter>
    </ClCompile>
  </ItemGroup>
</Project>