
Microsoft Visual Studio Solution File, Format Version 12.00
# Visual Studio 15
VisualStudioVersion = 15.0.27130.2024
MinimumVisualStudioVersion = 10.0.40219.1
Project("{8BC9CEB8-8B4A-11D0-8D11-00A0C91BC942}") = "GameProject", "GameProject\GameProject.vcxproj", "{DC6794CC-222E-4C44-985E-191512F47BB3}"
EndProject
Global
	GlobalSection(SolutionConfigurationPlatforms) = preSolution
		Debug|x64 = Debug|x64
		Debug|x86 = Debug|x86
		Release|x64 = Release|x64
		Release|x86 = Release|x86
	EndGlobalSection
	GlobalSection(ProjectConfigurationPlatforms) = postSolution
		{DC6794CC-222E-4C44-985E-191512F47BB3}.Debug|x64.ActiveCfg = Debug|x64
		{DC6794CC-222E-4C44-985E-191512F47BB3}.Debug|x64.Build.0 = Debug|x64
		{DC6794CC-222E-4C44-985E-191512F47BB3}.Debug|x86.ActiveCfg = Debug|Win32
		{DC6794CC-222E-4C44-985E-191512F47BB3}.Debug|x86.Build.0 = Debug|Win32
		{DC6794CC-222E-4C44-985E-191512F47BB3}.Release|x64.ActiveCfg = Release|x64
		{DC6794CC-222E-4C44-985E-191512F47BB3}.Release|x64.Build.0 = Release|x64
		{DC6794CC-222E-4C44-985E-191512F47BB3}.Release|x86.ActiveCfg = Release|Win32
		{DC6794CC-222E-4C44-985E-191512F47BB3}.Release|x86.Build.0 = Release|Win32
	EndGlobalSection
	GlobalSection(SolutionProperties) = preSolution
		HideSolutionNode = FALSE
	EndGlobalSection
	GlobalSection(ExtensibilityGlobals) = postSolution
		SolutionGuid = {CAF7B28E-FE91-4EC1-A290-4C6510AE5952}
	EndGlobalSection
EndGlobal
